{
  "nodes": {
    "dependencyDagOfSubmodule": {
      "inputs": {
        "nixpkgs": [
          "nixpkgs"
        ]
      },
      "locked": {
        "lastModified": 1656615370,
        "narHash": "sha256-IZDqz1aSySoqf1qtVQg+oJMHfC4IlT55Zoa7EkjvPug=",
        "owner": "thelegy",
        "repo": "nix-dependencyDagOfSubmodule",
        "rev": "98eb563d80b35acafbfc1abb9ccee569c1efb19c",
        "type": "github"
      },
      "original": {
        "owner": "thelegy",
        "repo": "nix-dependencyDagOfSubmodule",
        "type": "github"
      }
    },
    "nixpkgs": {
      "locked": {
        "lastModified": 1692638711,
        "narHash": "sha256-J0LgSFgJVGCC1+j5R2QndadWI1oumusg6hCtYAzLID4=",
        "owner": "nixos",
        "repo": "nixpkgs",
        "rev": "91a22f76cd1716f9d0149e8a5c68424bb691de15",
        "type": "github"
      },
      "original": {
        "owner": "NixOS",
        "ref": "nixos-unstable",
        "repo": "nixpkgs",
        "type": "github"
      }
    },
    "root": {
      "inputs": {
        "dependencyDagOfSubmodule": "dependencyDagOfSubmodule",
        "nixpkgs": "nixpkgs"
      }
    }
  },
  "root": "root",
  "version": 7
}
